
Microsoft Visual Studio Solution File, Format Version 12.00
# Visual Studio Version 17
VisualStudioVersion = 17.2.32630.192
MinimumVisualStudioVersion = 10.0.40219.1
Project("{FAE04EC0-301F-11D3-BF4B-00C04F79EFBC}") = "AulaNull", "AulaNull\AulaNull.csproj", "{8AF627DE-2D6D-42A3-BF7B-122B35032B93}"
EndProject
Global
	GlobalSection(SolutionConfigurationPlatforms) = preSolution
		Debug|Any CPU = Debug|Any CPU
		Release|Any CPU = Release|Any CPU
	EndGlobalSection
	GlobalSection(ProjectConfigurationPlatforms) = postSolution
		{8AF627DE-2D6D-42A3-BF7B-122B35032B93}.Debug|Any CPU.ActiveCfg = Debug|Any CPU
		{8AF627DE-2D6D-42A3-BF7B-122B35032B93}.Debug|Any CPU.Build.0 = Debug|Any CPU
		{8AF627DE-2D6D-42A3-BF7B-122B35032B93}.Release|Any CPU.ActiveCfg = Release|Any CPU
		{8AF627DE-2D6D-42A3-BF7B-122B35032B93}.Release|Any CPU.Build.0 = Release|Any CPU
	EndGlobalSection
	GlobalSection(SolutionProperties) = preSolution
		HideSolutionNode = FALSE
	EndGlobalSection
	GlobalSection(ExtensibilityGlobals) = postSolution
		SolutionGuid = {C209918C-E21E-458D-B74F-53B04658B4BD}
	EndGlobalSection
EndGlobal
