
Microsoft Visual Studio Solution File, Format Version 12.00
# Visual Studio Version 17
VisualStudioVersion = 17.2.32630.192
MinimumVisualStudioVersion = 10.0.40219.1
Project("{FAE04EC0-301F-11D3-BF4B-00C04F79EFBC}") = "AulaEncapsulamento", "AulaEncapsulamento\AulaEncapsulamento.csproj", "{F28034A9-AFF3-4F50-887C-E70B921F37B4}"
EndProject
Global
	GlobalSection(SolutionConfigurationPlatforms) = preSolution
		Debug|Any CPU = Debug|Any CPU
		Release|Any CPU = Release|Any CPU
	EndGlobalSection
	GlobalSection(ProjectConfigurationPlatforms) = postSolution
		{F28034A9-AFF3-4F50-887C-E70B921F37B4}.Debug|Any CPU.ActiveCfg = Debug|Any CPU
		{F28034A9-AFF3-4F50-887C-E70B921F37B4}.Debug|Any CPU.Build.0 = Debug|Any CPU
		{F28034A9-AFF3-4F50-887C-E70B921F37B4}.Release|Any CPU.ActiveCfg = Release|Any CPU
		{F28034A9-AFF3-4F50-887C-E70B921F37B4}.Release|Any CPU.Build.0 = Release|Any CPU
	EndGlobalSection
	GlobalSection(SolutionProperties) = preSolution
		HideSolutionNode = FALSE
	EndGlobalSection
	GlobalSection(ExtensibilityGlobals) = postSolution
		SolutionGuid = {9DBE36FF-8B96-4BD4-9B27-AFE583ED444F}
	EndGlobalSection
EndGlobal
