
Microsoft Visual Studio Solution File, Format Version 12.00
# Visual Studio Version 17
VisualStudioVersion = 17.2.32630.192
MinimumVisualStudioVersion = 10.0.40219.1
Project("{FAE04EC0-301F-11D3-BF4B-00C04F79EFBC}") = "Exercicio39", "Exercicio39\Exercicio39.csproj", "{D6AC39FC-120B-4F64-A7FB-7F11FFC21DDB}"
EndProject
Global
	GlobalSection(SolutionConfigurationPlatforms) = preSolution
		Debug|Any CPU = Debug|Any CPU
		Release|Any CPU = Release|Any CPU
	EndGlobalSection
	GlobalSection(ProjectConfigurationPlatforms) = postSolution
		{D6AC39FC-120B-4F64-A7FB-7F11FFC21DDB}.Debug|Any CPU.ActiveCfg = Debug|Any CPU
		{D6AC39FC-120B-4F64-A7FB-7F11FFC21DDB}.Debug|Any CPU.Build.0 = Debug|Any CPU
		{D6AC39FC-120B-4F64-A7FB-7F11FFC21DDB}.Release|Any CPU.ActiveCfg = Release|Any CPU
		{D6AC39FC-120B-4F64-A7FB-7F11FFC21DDB}.Release|Any CPU.Build.0 = Release|Any CPU
	EndGlobalSection
	GlobalSection(SolutionProperties) = preSolution
		HideSolutionNode = FALSE
	EndGlobalSection
	GlobalSection(ExtensibilityGlobals) = postSolution
		SolutionGuid = {6993D36F-4EA0-489B-988A-B5C68A1BE5D9}
	EndGlobalSection
EndGlobal
