
Microsoft Visual Studio Solution File, Format Version 12.00
# Visual Studio Version 17
VisualStudioVersion = 17.2.32630.192
MinimumVisualStudioVersion = 10.0.40219.1
Project("{FAE04EC0-301F-11D3-BF4B-00C04F79EFBC}") = "AulaECTernaria", "AulaECTernaria\AulaECTernaria.csproj", "{F79A45C5-EE2A-4416-B36A-2F08D0215A5C}"
EndProject
Global
	GlobalSection(SolutionConfigurationPlatforms) = preSolution
		Debug|Any CPU = Debug|Any CPU
		Release|Any CPU = Release|Any CPU
	EndGlobalSection
	GlobalSection(ProjectConfigurationPlatforms) = postSolution
		{F79A45C5-EE2A-4416-B36A-2F08D0215A5C}.Debug|Any CPU.ActiveCfg = Debug|Any CPU
		{F79A45C5-EE2A-4416-B36A-2F08D0215A5C}.Debug|Any CPU.Build.0 = Debug|Any CPU
		{F79A45C5-EE2A-4416-B36A-2F08D0215A5C}.Release|Any CPU.ActiveCfg = Release|Any CPU
		{F79A45C5-EE2A-4416-B36A-2F08D0215A5C}.Release|Any CPU.Build.0 = Release|Any CPU
	EndGlobalSection
	GlobalSection(SolutionProperties) = preSolution
		HideSolutionNode = FALSE
	EndGlobalSection
	GlobalSection(ExtensibilityGlobals) = postSolution
		SolutionGuid = {3CFA8DC1-21EF-466B-9CA4-B64982D50A49}
	EndGlobalSection
EndGlobal
