
Microsoft Visual Studio Solution File, Format Version 12.00
# Visual Studio Version 17
VisualStudioVersion = 17.2.32630.192
MinimumVisualStudioVersion = 10.0.40219.1
Project("{FAE04EC0-301F-11D3-BF4B-00C04F79EFBC}") = "Aula", "Aula\Aula.csproj", "{FF5CAF54-0CC4-4CF6-95BA-C4292F4BE337}"
EndProject
Global
	GlobalSection(SolutionConfigurationPlatforms) = preSolution
		Debug|Any CPU = Debug|Any CPU
		Release|Any CPU = Release|Any CPU
	EndGlobalSection
	GlobalSection(ProjectConfigurationPlatforms) = postSolution
		{FF5CAF54-0CC4-4CF6-95BA-C4292F4BE337}.Debug|Any CPU.ActiveCfg = Debug|Any CPU
		{FF5CAF54-0CC4-4CF6-95BA-C4292F4BE337}.Debug|Any CPU.Build.0 = Debug|Any CPU
		{FF5CAF54-0CC4-4CF6-95BA-C4292F4BE337}.Release|Any CPU.ActiveCfg = Release|Any CPU
		{FF5CAF54-0CC4-4CF6-95BA-C4292F4BE337}.Release|Any CPU.Build.0 = Release|Any CPU
	EndGlobalSection
	GlobalSection(SolutionProperties) = preSolution
		HideSolutionNode = FALSE
	EndGlobalSection
	GlobalSection(ExtensibilityGlobals) = postSolution
		SolutionGuid = {99E16FB4-08A0-4630-815E-7F3B1940E0CE}
	EndGlobalSection
EndGlobal
