
Microsoft Visual Studio Solution File, Format Version 12.00
# Visual Studio Version 17
VisualStudioVersion = 17.2.32630.192
MinimumVisualStudioVersion = 10.0.40219.1
Project("{FAE04EC0-301F-11D3-BF4B-00C04F79EFBC}") = "Exercicio04", "Exercicio04\Exercicio04.csproj", "{01C4F017-589C-4152-B50B-7127E9E09700}"
EndProject
Global
	GlobalSection(SolutionConfigurationPlatforms) = preSolution
		Debug|Any CPU = Debug|Any CPU
		Release|Any CPU = Release|Any CPU
	EndGlobalSection
	GlobalSection(ProjectConfigurationPlatforms) = postSolution
		{01C4F017-589C-4152-B50B-7127E9E09700}.Debug|Any CPU.ActiveCfg = Debug|Any CPU
		{01C4F017-589C-4152-B50B-7127E9E09700}.Debug|Any CPU.Build.0 = Debug|Any CPU
		{01C4F017-589C-4152-B50B-7127E9E09700}.Release|Any CPU.ActiveCfg = Release|Any CPU
		{01C4F017-589C-4152-B50B-7127E9E09700}.Release|Any CPU.Build.0 = Release|Any CPU
	EndGlobalSection
	GlobalSection(SolutionProperties) = preSolution
		HideSolutionNode = FALSE
	EndGlobalSection
	GlobalSection(ExtensibilityGlobals) = postSolution
		SolutionGuid = {E0DC8729-DC4B-4566-94E8-083E11A63C03}
	EndGlobalSection
EndGlobal
