
Microsoft Visual Studio Solution File, Format Version 12.00
# Visual Studio Version 17
VisualStudioVersion = 17.2.32630.192
MinimumVisualStudioVersion = 10.0.40219.1
Project("{FAE04EC0-301F-11D3-BF4B-00C04F79EFBC}") = "Exercicio23", "Exercicio23\Exercicio23.csproj", "{581EAD09-FE17-4C7C-A5EC-D71E49292CB6}"
EndProject
Global
	GlobalSection(SolutionConfigurationPlatforms) = preSolution
		Debug|Any CPU = Debug|Any CPU
		Release|Any CPU = Release|Any CPU
	EndGlobalSection
	GlobalSection(ProjectConfigurationPlatforms) = postSolution
		{581EAD09-FE17-4C7C-A5EC-D71E49292CB6}.Debug|Any CPU.ActiveCfg = Debug|Any CPU
		{581EAD09-FE17-4C7C-A5EC-D71E49292CB6}.Debug|Any CPU.Build.0 = Debug|Any CPU
		{581EAD09-FE17-4C7C-A5EC-D71E49292CB6}.Release|Any CPU.ActiveCfg = Release|Any CPU
		{581EAD09-FE17-4C7C-A5EC-D71E49292CB6}.Release|Any CPU.Build.0 = Release|Any CPU
	EndGlobalSection
	GlobalSection(SolutionProperties) = preSolution
		HideSolutionNode = FALSE
	EndGlobalSection
	GlobalSection(ExtensibilityGlobals) = postSolution
		SolutionGuid = {235D6338-E172-44E2-B984-1204E39B78BC}
	EndGlobalSection
EndGlobal
