
Microsoft Visual Studio Solution File, Format Version 12.00
# Visual Studio Version 17
VisualStudioVersion = 17.2.32630.192
MinimumVisualStudioVersion = 10.0.40219.1
Project("{FAE04EC0-301F-11D3-BF4B-00C04F79EFBC}") = "Exercicio19", "Exercicio19\Exercicio19.csproj", "{3573B124-5412-4215-9C66-90A89CE48466}"
EndProject
Global
	GlobalSection(SolutionConfigurationPlatforms) = preSolution
		Debug|Any CPU = Debug|Any CPU
		Release|Any CPU = Release|Any CPU
	EndGlobalSection
	GlobalSection(ProjectConfigurationPlatforms) = postSolution
		{3573B124-5412-4215-9C66-90A89CE48466}.Debug|Any CPU.ActiveCfg = Debug|Any CPU
		{3573B124-5412-4215-9C66-90A89CE48466}.Debug|Any CPU.Build.0 = Debug|Any CPU
		{3573B124-5412-4215-9C66-90A89CE48466}.Release|Any CPU.ActiveCfg = Release|Any CPU
		{3573B124-5412-4215-9C66-90A89CE48466}.Release|Any CPU.Build.0 = Release|Any CPU
	EndGlobalSection
	GlobalSection(SolutionProperties) = preSolution
		HideSolutionNode = FALSE
	EndGlobalSection
	GlobalSection(ExtensibilityGlobals) = postSolution
		SolutionGuid = {4243B53D-ED77-405F-B043-90E9D7CAF4A9}
	EndGlobalSection
EndGlobal
