
Microsoft Visual Studio Solution File, Format Version 12.00
# Visual Studio Version 17
VisualStudioVersion = 17.2.32630.192
MinimumVisualStudioVersion = 10.0.40219.1
Project("{FAE04EC0-301F-11D3-BF4B-00C04F79EFBC}") = "Exercicio33", "Exercicio33\Exercicio33.csproj", "{78C1F073-C291-4D3D-A590-25FF83089011}"
EndProject
Global
	GlobalSection(SolutionConfigurationPlatforms) = preSolution
		Debug|Any CPU = Debug|Any CPU
		Release|Any CPU = Release|Any CPU
	EndGlobalSection
	GlobalSection(ProjectConfigurationPlatforms) = postSolution
		{78C1F073-C291-4D3D-A590-25FF83089011}.Debug|Any CPU.ActiveCfg = Debug|Any CPU
		{78C1F073-C291-4D3D-A590-25FF83089011}.Debug|Any CPU.Build.0 = Debug|Any CPU
		{78C1F073-C291-4D3D-A590-25FF83089011}.Release|Any CPU.ActiveCfg = Release|Any CPU
		{78C1F073-C291-4D3D-A590-25FF83089011}.Release|Any CPU.Build.0 = Release|Any CPU
	EndGlobalSection
	GlobalSection(SolutionProperties) = preSolution
		HideSolutionNode = FALSE
	EndGlobalSection
	GlobalSection(ExtensibilityGlobals) = postSolution
		SolutionGuid = {850DB400-3818-4588-9884-A5D03364A864}
	EndGlobalSection
EndGlobal
