
Microsoft Visual Studio Solution File, Format Version 12.00
# Visual Studio Version 17
VisualStudioVersion = 17.2.32630.192
MinimumVisualStudioVersion = 10.0.40219.1
Project("{FAE04EC0-301F-11D3-BF4B-00C04F79EFBC}") = "ExMatriz", "ExMatriz\ExMatriz.csproj", "{B2FA38EA-9020-4EF5-A1C9-706F8DD3BD24}"
EndProject
Global
	GlobalSection(SolutionConfigurationPlatforms) = preSolution
		Debug|Any CPU = Debug|Any CPU
		Release|Any CPU = Release|Any CPU
	EndGlobalSection
	GlobalSection(ProjectConfigurationPlatforms) = postSolution
		{B2FA38EA-9020-4EF5-A1C9-706F8DD3BD24}.Debug|Any CPU.ActiveCfg = Debug|Any CPU
		{B2FA38EA-9020-4EF5-A1C9-706F8DD3BD24}.Debug|Any CPU.Build.0 = Debug|Any CPU
		{B2FA38EA-9020-4EF5-A1C9-706F8DD3BD24}.Release|Any CPU.ActiveCfg = Release|Any CPU
		{B2FA38EA-9020-4EF5-A1C9-706F8DD3BD24}.Release|Any CPU.Build.0 = Release|Any CPU
	EndGlobalSection
	GlobalSection(SolutionProperties) = preSolution
		HideSolutionNode = FALSE
	EndGlobalSection
	GlobalSection(ExtensibilityGlobals) = postSolution
		SolutionGuid = {CE0342BE-D7B6-4487-9ADF-8253A813E973}
	EndGlobalSection
EndGlobal
