
Microsoft Visual Studio Solution File, Format Version 12.00
# Visual Studio Version 17
VisualStudioVersion = 17.2.32630.192
MinimumVisualStudioVersion = 10.0.40219.1
Project("{FAE04EC0-301F-11D3-BF4B-00C04F79EFBC}") = "AulaVetores", "AulaVetores\AulaVetores.csproj", "{35416C8D-EE59-4C6F-BF1D-277FC9F25E03}"
EndProject
Global
	GlobalSection(SolutionConfigurationPlatforms) = preSolution
		Debug|Any CPU = Debug|Any CPU
		Release|Any CPU = Release|Any CPU
	EndGlobalSection
	GlobalSection(ProjectConfigurationPlatforms) = postSolution
		{35416C8D-EE59-4C6F-BF1D-277FC9F25E03}.Debug|Any CPU.ActiveCfg = Debug|Any CPU
		{35416C8D-EE59-4C6F-BF1D-277FC9F25E03}.Debug|Any CPU.Build.0 = Debug|Any CPU
		{35416C8D-EE59-4C6F-BF1D-277FC9F25E03}.Release|Any CPU.ActiveCfg = Release|Any CPU
		{35416C8D-EE59-4C6F-BF1D-277FC9F25E03}.Release|Any CPU.Build.0 = Release|Any CPU
	EndGlobalSection
	GlobalSection(SolutionProperties) = preSolution
		HideSolutionNode = FALSE
	EndGlobalSection
	GlobalSection(ExtensibilityGlobals) = postSolution
		SolutionGuid = {62459D81-9293-4B44-8E45-F300A819CB0F}
	EndGlobalSection
EndGlobal
