
Microsoft Visual Studio Solution File, Format Version 12.00
# Visual Studio Version 17
VisualStudioVersion = 17.2.32630.192
MinimumVisualStudioVersion = 10.0.40219.1
Project("{FAE04EC0-301F-11D3-BF4B-00C04F79EFBC}") = "Exercicio25", "Exercicio25\Exercicio25.csproj", "{0E41C237-3AA9-4032-A353-1932FF923A88}"
EndProject
Global
	GlobalSection(SolutionConfigurationPlatforms) = preSolution
		Debug|Any CPU = Debug|Any CPU
		Release|Any CPU = Release|Any CPU
	EndGlobalSection
	GlobalSection(ProjectConfigurationPlatforms) = postSolution
		{0E41C237-3AA9-4032-A353-1932FF923A88}.Debug|Any CPU.ActiveCfg = Debug|Any CPU
		{0E41C237-3AA9-4032-A353-1932FF923A88}.Debug|Any CPU.Build.0 = Debug|Any CPU
		{0E41C237-3AA9-4032-A353-1932FF923A88}.Release|Any CPU.ActiveCfg = Release|Any CPU
		{0E41C237-3AA9-4032-A353-1932FF923A88}.Release|Any CPU.Build.0 = Release|Any CPU
	EndGlobalSection
	GlobalSection(SolutionProperties) = preSolution
		HideSolutionNode = FALSE
	EndGlobalSection
	GlobalSection(ExtensibilityGlobals) = postSolution
		SolutionGuid = {B9E7BAD0-063B-4579-BC8D-8AA590E878E7}
	EndGlobalSection
EndGlobal
