
Microsoft Visual Studio Solution File, Format Version 12.00
# Visual Studio Version 17
VisualStudioVersion = 17.2.32630.192
MinimumVisualStudioVersion = 10.0.40219.1
Project("{FAE04EC0-301F-11D3-BF4B-00C04F79EFBC}") = "Exercicio37", "Exercicio37\Exercicio37.csproj", "{B7B4C1C1-5C52-419E-9658-E0B17B128A26}"
EndProject
Global
	GlobalSection(SolutionConfigurationPlatforms) = preSolution
		Debug|Any CPU = Debug|Any CPU
		Release|Any CPU = Release|Any CPU
	EndGlobalSection
	GlobalSection(ProjectConfigurationPlatforms) = postSolution
		{B7B4C1C1-5C52-419E-9658-E0B17B128A26}.Debug|Any CPU.ActiveCfg = Debug|Any CPU
		{B7B4C1C1-5C52-419E-9658-E0B17B128A26}.Debug|Any CPU.Build.0 = Debug|Any CPU
		{B7B4C1C1-5C52-419E-9658-E0B17B128A26}.Release|Any CPU.ActiveCfg = Release|Any CPU
		{B7B4C1C1-5C52-419E-9658-E0B17B128A26}.Release|Any CPU.Build.0 = Release|Any CPU
	EndGlobalSection
	GlobalSection(SolutionProperties) = preSolution
		HideSolutionNode = FALSE
	EndGlobalSection
	GlobalSection(ExtensibilityGlobals) = postSolution
		SolutionGuid = {C9695393-95C0-40B2-94F4-CEB54304FAEA}
	EndGlobalSection
EndGlobal
